
Microsoft Visual Studio Solution File, Format Version 11.00
# Visual Studio 2010
Project("{FAE04EC0-301F-11D3-BF4B-00C04F79EFBC}") = "ONES", "ONES\ONES.csproj", "{A53C43C4-D01E-4A5A-8EA1-3AC108D1375B}"
EndProject
Global
	GlobalSection(SolutionConfigurationPlatforms) = preSolution
		Debug|Any CPU = Debug|Any CPU
		Release|Any CPU = Release|Any CPU
	EndGlobalSection
	GlobalSection(ProjectConfigurationPlatforms) = postSolution
		{A53C43C4-D01E-4A5A-8EA1-3AC108D1375B}.Debug|Any CPU.ActiveCfg = Debug|Any CPU
		{A53C43C4-D01E-4A5A-8EA1-3AC108D1375B}.Debug|Any CPU.Build.0 = Debug|Any CPU
		{A53C43C4-D01E-4A5A-8EA1-3AC108D1375B}.Release|Any CPU.ActiveCfg = Release|Any CPU
		{A53C43C4-D01E-4A5A-8EA1-3AC108D1375B}.Release|Any CPU.Build.0 = Release|Any CPU
	EndGlobalSection
	GlobalSection(SolutionProperties) = preSolution
		HideSolutionNode = FALSE
	EndGlobalSection
EndGlobal
